
Microsoft Visual Studio Solution File, Format Version 12.00
# Visual Studio Version 17
VisualStudioVersion = 17.7.34024.191
MinimumVisualStudioVersion = 10.0.40219.1
Project("{9A19103F-16F7-4668-BE54-9A1E7A4F7556}") = "Launcher", "Launcher\Launcher.csproj", "{02D45625-0383-4480-B4BC-05DDE4F3825D}"
EndProject
Project("{9A19103F-16F7-4668-BE54-9A1E7A4F7556}") = "ViewModel", "ViewModel\ViewModel.csproj", "{FC17F4F2-0577-4054-98DB-44BB9E4B9E3B}"
EndProject
Project("{9A19103F-16F7-4668-BE54-9A1E7A4F7556}") = "DAL", "DAL\DAL.csproj", "{FD3B66EE-FDE7-41D1-9933-5421454E6EB7}"
EndProject
Project("{9A19103F-16F7-4668-BE54-9A1E7A4F7556}") = "View", "View\View.csproj", "{6AC38924-FD04-4824-92FC-82356F5A909D}"
EndProject
Project("{9A19103F-16F7-4668-BE54-9A1E7A4F7556}") = "Resources", "Resources\Resources.csproj", "{53C22BB7-E54D-49B8-A748-11A795E9DE63}"
EndProject
Project("{9A19103F-16F7-4668-BE54-9A1E7A4F7556}") = "Core", "Core\Core.csproj", "{8645331C-324F-4265-A593-13725FE33A0D}"
EndProject
Project("{9A19103F-16F7-4668-BE54-9A1E7A4F7556}") = "Contracts", "Contracts\Contracts.csproj", "{37F1D8BD-AE67-4E81-9F6B-D2AABB81AB8D}"
EndProject
Project("{2150E333-8FDC-42A3-9474-1A3956D46DE8}") = "Scar.Common", "Scar.Common", "{B5CFC518-2064-4A35-82BD-CA7C020226FC}"
EndProject
Project("{2150E333-8FDC-42A3-9474-1A3956D46DE8}") = "WPF", "WPF", "{857ACB0A-FE80-4C4C-BAE6-59560B998EF0}"
EndProject
Project("{9A19103F-16F7-4668-BE54-9A1E7A4F7556}") = "ZoomBorder", "..\..\Libraries\Common\WPF\Controls\ZoomBorder\ZoomBorder.csproj", "{571CC6BC-3F28-4EEB-8601-B6D046BD5728}"
EndProject
Project("{9A19103F-16F7-4668-BE54-9A1E7A4F7556}") = "TimePicker", "..\..\Libraries\Common\WPF\Controls\TimePicker\TimePicker.csproj", "{17C2C396-6CC9-4DFD-B2CB-A85FA6659C0C}"
EndProject
Project("{9A19103F-16F7-4668-BE54-9A1E7A4F7556}") = "Behaviors", "..\..\Libraries\Common\WPF\Various\Behaviors\Behaviors.csproj", "{76AD78EA-BADE-4305-ABD0-3D4DADECEB01}"
EndProject
Project("{9A19103F-16F7-4668-BE54-9A1E7A4F7556}") = "Converters", "..\..\Libraries\Common\WPF\Various\Converters\Converters.csproj", "{C77DBC6E-EA7E-4B42-ACDF-A6620BAA79A9}"
EndProject
Project("{9A19103F-16F7-4668-BE54-9A1E7A4F7556}") = "Startup", "..\..\Libraries\Common\WPF\Various\Startup\Startup.csproj", "{F394F515-BDFF-4B67-9C51-D4655F5F8EEB}"
EndProject
Project("{9A19103F-16F7-4668-BE54-9A1E7A4F7556}") = "Core", "..\..\Libraries\Common\WPF\View\Core\Core.csproj", "{7F90151C-1FD5-4E9E-A892-B5FF33486D37}"
EndProject
Project("{9A19103F-16F7-4668-BE54-9A1E7A4F7556}") = "WindowCreation", "..\..\Libraries\Common\WPF\View\WindowCreation\WindowCreation.csproj", "{FF1874D2-CE27-4A2A-A256-A941735C94D8}"
EndProject
Project("{9A19103F-16F7-4668-BE54-9A1E7A4F7556}") = "Contracts", "..\..\Libraries\Common\WPF\View\Contracts\Contracts.csproj", "{F9B9E398-EFF4-42F4-A2AD-4680EDEC1525}"
EndProject
Project("{9A19103F-16F7-4668-BE54-9A1E7A4F7556}") = "ExifExtraction", "..\..\Libraries\Common\NetStandard\ImageProcessing\ExifExtraction\ExifExtraction.csproj", "{13FEB9FD-CFA1-4AA5-A378-AE13CC1EB993}"
EndProject
Project("{9A19103F-16F7-4668-BE54-9A1E7A4F7556}") = "Metadata", "..\..\Libraries\Common\NetStandard\ImageProcessing\Metadata\Metadata.csproj", "{BDFAF320-FCC4-4BF3-83D4-20C59207A0B0}"
EndProject
Project("{9A19103F-16F7-4668-BE54-9A1E7A4F7556}") = "MetadataExtraction", "..\..\Libraries\Common\NetStandard\ImageProcessing\MetadataExtraction\MetadataExtraction.csproj", "{8DE4361E-BA4E-4504-ADB4-FFFCC35BC6C1}"
EndProject
Project("{9A19103F-16F7-4668-BE54-9A1E7A4F7556}") = "LiteDB", "..\..\Libraries\Common\NetStandard\DAL\LiteDB\LiteDB.csproj", "{20F1D1D0-DB16-45C4-858E-459D1C27CB51}"
EndProject
Project("{2150E333-8FDC-42A3-9474-1A3956D46DE8}") = "DAL", "DAL", "{9BD61F9C-025C-4B74-8979-B6BA897A5AB2}"
EndProject
Project("{9A19103F-16F7-4668-BE54-9A1E7A4F7556}") = "Contracts", "..\..\Libraries\Common\NetStandard\DAL\Contracts\Contracts.csproj", "{8B0FC7AC-6A37-4DF0-B33F-C84E5B042F78}"
EndProject
Project("{9A19103F-16F7-4668-BE54-9A1E7A4F7556}") = "Common", "..\..\Libraries\Common\NetStandard\Common\Common.csproj", "{4758343C-00F8-47B5-97FA-73985DFAD3A3}"
EndProject
Project("{9A19103F-16F7-4668-BE54-9A1E7A4F7556}") = "Async", "..\..\Libraries\Common\NetStandard\Various\Async\Async.csproj", "{6E146FED-CEA1-4038-8BAF-577A28D39373}"
EndProject
Project("{9A19103F-16F7-4668-BE54-9A1E7A4F7556}") = "RateLimiting", "..\..\Libraries\Common\NetStandard\Various\RateLimiting\RateLimiting.csproj", "{B4B08715-EC4B-4936-8C34-67FC504ACF74}"
EndProject
Project("{9A19103F-16F7-4668-BE54-9A1E7A4F7556}") = "Processes", "..\..\Libraries\Common\NetStandard\Various\Processes\Processes.csproj", "{F6CBC160-6CC2-4E24-91DE-F3CF994957A9}"
EndProject
Project("{2150E333-8FDC-42A3-9474-1A3956D46DE8}") = "Solution Items", "Solution Items", "{E36444D3-7712-4217-A39F-82F3C3DF6CE2}"
	ProjectSection(SolutionItems) = preProject
		CodeAnalysis.ruleset = CodeAnalysis.ruleset
		CodeAnalysis.Test.ruleset = CodeAnalysis.Test.ruleset
		Directory.Build.props = Directory.Build.props
		stylecop.json = stylecop.json
	EndProjectSection
EndProject
Project("{2150E333-8FDC-42A3-9474-1A3956D46DE8}") = "ApplicationLifetime", "ApplicationLifetime", "{774E7D86-737F-4596-8239-B13DB38EF4BA}"
EndProject
Project("{9A19103F-16F7-4668-BE54-9A1E7A4F7556}") = "Contracts", "..\..\Libraries\Common\NetStandard\ApplicationLifetime\Contracts\Contracts.csproj", "{DE14C228-321B-4FB5-A140-D177ABCCFA37}"
EndProject
Project("{9A19103F-16F7-4668-BE54-9A1E7A4F7556}") = "ImageRetrieval", "..\..\Libraries\Common\WPF\Various\ImageRetrieval\ImageRetrieval.csproj", "{E78A7B5A-76BB-4CBF-A444-1C0C234AD3CF}"
EndProject
Project("{9A19103F-16F7-4668-BE54-9A1E7A4F7556}") = "View.Converters", "View.Converters\View.Converters.csproj", "{61A31034-729A-480A-9EB7-4CE363F27AFE}"
EndProject
Project("{9A19103F-16F7-4668-BE54-9A1E7A4F7556}") = "View.Windows", "View.Windows\View.Windows.csproj", "{17886837-0175-417E-9372-0FD75F479243}"
EndProject
Project("{9A19103F-16F7-4668-BE54-9A1E7A4F7556}") = "View.Controls", "View.Controls\View.Controls.csproj", "{81AB27E9-BC44-40B2-AB24-8C2DF6FBB027}"
EndProject
Project("{9A19103F-16F7-4668-BE54-9A1E7A4F7556}") = "AutofacWindowProvision", "..\..\Libraries\Common\NetStandard\View\AutofacWindowProvision\AutofacWindowProvision.csproj", "{BC1321B5-9317-4F5F-A2B1-3A62B750352F}"
EndProject
Project("{9A19103F-16F7-4668-BE54-9A1E7A4F7556}") = "WindowCreation", "..\..\Libraries\Common\NetStandard\View\WindowCreation\WindowCreation.csproj", "{7ACCE4DE-92B6-4684-9EEE-305E4450FA38}"
EndProject
Project("{9A19103F-16F7-4668-BE54-9A1E7A4F7556}") = "Contracts", "..\..\Libraries\Common\NetStandard\View\Contracts\Contracts.csproj", "{1F6ED298-C1B1-4B20-AA50-16379D72AE6F}"
EndProject
Project("{9A19103F-16F7-4668-BE54-9A1E7A4F7556}") = "IO", "..\..\Libraries\Common\NetStandard\Various\IO\IO.csproj", "{32F474D8-D33C-48FA-8115-FE3B2B81EDC9}"
EndProject
Project("{9A19103F-16F7-4668-BE54-9A1E7A4F7556}") = "NumericUpDown", "..\..\Libraries\Common\WPF\Controls\NumericUpDown\NumericUpDown.csproj", "{5ED4ABC4-E203-4D46-ABE6-C134773A7147}"
EndProject
Project("{9A19103F-16F7-4668-BE54-9A1E7A4F7556}") = "Localization", "..\..\Libraries\Common\WPF\Various\Localization\Localization.csproj", "{2DD29DA7-F137-4D5D-81D8-C64AA911D0D1}"
EndProject
Project("{9A19103F-16F7-4668-BE54-9A1E7A4F7556}") = "Localization", "..\..\Libraries\Common\NetStandard\Various\Localization\Localization.csproj", "{C526BE58-A5DE-4D08-9111-F1A8AF929BA0}"
EndProject
Project("{9A19103F-16F7-4668-BE54-9A1E7A4F7556}") = "ViewModel", "..\..\Libraries\Common\NetStandard\MVVM\ViewModel\ViewModel.csproj", "{6585934B-8BEB-4A25-9CA6-B5F62631E68C}"
EndProject
Global
	GlobalSection(SolutionConfigurationPlatforms) = preSolution
		Debug|Any CPU = Debug|Any CPU
		Release|Any CPU = Release|Any CPU
	EndGlobalSection
	GlobalSection(ProjectConfigurationPlatforms) = postSolution
		{02D45625-0383-4480-B4BC-05DDE4F3825D}.Debug|Any CPU.ActiveCfg = Debug|Any CPU
		{02D45625-0383-4480-B4BC-05DDE4F3825D}.Debug|Any CPU.Build.0 = Debug|Any CPU
		{02D45625-0383-4480-B4BC-05DDE4F3825D}.Release|Any CPU.ActiveCfg = Release|Any CPU
		{02D45625-0383-4480-B4BC-05DDE4F3825D}.Release|Any CPU.Build.0 = Release|Any CPU
		{FC17F4F2-0577-4054-98DB-44BB9E4B9E3B}.Debug|Any CPU.ActiveCfg = Debug|Any CPU
		{FC17F4F2-0577-4054-98DB-44BB9E4B9E3B}.Debug|Any CPU.Build.0 = Debug|Any CPU
		{FC17F4F2-0577-4054-98DB-44BB9E4B9E3B}.Release|Any CPU.ActiveCfg = Release|Any CPU
		{FC17F4F2-0577-4054-98DB-44BB9E4B9E3B}.Release|Any CPU.Build.0 = Release|Any CPU
		{FD3B66EE-FDE7-41D1-9933-5421454E6EB7}.Debug|Any CPU.ActiveCfg = Debug|Any CPU
		{FD3B66EE-FDE7-41D1-9933-5421454E6EB7}.Debug|Any CPU.Build.0 = Debug|Any CPU
		{FD3B66EE-FDE7-41D1-9933-5421454E6EB7}.Release|Any CPU.ActiveCfg = Release|Any CPU
		{FD3B66EE-FDE7-41D1-9933-5421454E6EB7}.Release|Any CPU.Build.0 = Release|Any CPU
		{6AC38924-FD04-4824-92FC-82356F5A909D}.Debug|Any CPU.ActiveCfg = Debug|Any CPU
		{6AC38924-FD04-4824-92FC-82356F5A909D}.Debug|Any CPU.Build.0 = Debug|Any CPU
		{6AC38924-FD04-4824-92FC-82356F5A909D}.Release|Any CPU.ActiveCfg = Release|Any CPU
		{6AC38924-FD04-4824-92FC-82356F5A909D}.Release|Any CPU.Build.0 = Release|Any CPU
		{53C22BB7-E54D-49B8-A748-11A795E9DE63}.Debug|Any CPU.ActiveCfg = Debug|Any CPU
		{53C22BB7-E54D-49B8-A748-11A795E9DE63}.Debug|Any CPU.Build.0 = Debug|Any CPU
		{53C22BB7-E54D-49B8-A748-11A795E9DE63}.Release|Any CPU.ActiveCfg = Release|Any CPU
		{53C22BB7-E54D-49B8-A748-11A795E9DE63}.Release|Any CPU.Build.0 = Release|Any CPU
		{8645331C-324F-4265-A593-13725FE33A0D}.Debug|Any CPU.ActiveCfg = Debug|Any CPU
		{8645331C-324F-4265-A593-13725FE33A0D}.Debug|Any CPU.Build.0 = Debug|Any CPU
		{8645331C-324F-4265-A593-13725FE33A0D}.Release|Any CPU.ActiveCfg = Release|Any CPU
		{8645331C-324F-4265-A593-13725FE33A0D}.Release|Any CPU.Build.0 = Release|Any CPU
		{37F1D8BD-AE67-4E81-9F6B-D2AABB81AB8D}.Debug|Any CPU.ActiveCfg = Debug|Any CPU
		{37F1D8BD-AE67-4E81-9F6B-D2AABB81AB8D}.Debug|Any CPU.Build.0 = Debug|Any CPU
		{37F1D8BD-AE67-4E81-9F6B-D2AABB81AB8D}.Release|Any CPU.ActiveCfg = Release|Any CPU
		{37F1D8BD-AE67-4E81-9F6B-D2AABB81AB8D}.Release|Any CPU.Build.0 = Release|Any CPU
		{571CC6BC-3F28-4EEB-8601-B6D046BD5728}.Debug|Any CPU.ActiveCfg = Debug|Any CPU
		{571CC6BC-3F28-4EEB-8601-B6D046BD5728}.Debug|Any CPU.Build.0 = Debug|Any CPU
		{571CC6BC-3F28-4EEB-8601-B6D046BD5728}.Release|Any CPU.ActiveCfg = Release|Any CPU
		{571CC6BC-3F28-4EEB-8601-B6D046BD5728}.Release|Any CPU.Build.0 = Release|Any CPU
		{17C2C396-6CC9-4DFD-B2CB-A85FA6659C0C}.Debug|Any CPU.ActiveCfg = Debug|Any CPU
		{17C2C396-6CC9-4DFD-B2CB-A85FA6659C0C}.Debug|Any CPU.Build.0 = Debug|Any CPU
		{17C2C396-6CC9-4DFD-B2CB-A85FA6659C0C}.Release|Any CPU.ActiveCfg = Release|Any CPU
		{17C2C396-6CC9-4DFD-B2CB-A85FA6659C0C}.Release|Any CPU.Build.0 = Release|Any CPU
		{76AD78EA-BADE-4305-ABD0-3D4DADECEB01}.Debug|Any CPU.ActiveCfg = Debug|Any CPU
		{76AD78EA-BADE-4305-ABD0-3D4DADECEB01}.Debug|Any CPU.Build.0 = Debug|Any CPU
		{76AD78EA-BADE-4305-ABD0-3D4DADECEB01}.Release|Any CPU.ActiveCfg = Release|Any CPU
		{76AD78EA-BADE-4305-ABD0-3D4DADECEB01}.Release|Any CPU.Build.0 = Release|Any CPU
		{C77DBC6E-EA7E-4B42-ACDF-A6620BAA79A9}.Debug|Any CPU.ActiveCfg = Debug|Any CPU
		{C77DBC6E-EA7E-4B42-ACDF-A6620BAA79A9}.Debug|Any CPU.Build.0 = Debug|Any CPU
		{C77DBC6E-EA7E-4B42-ACDF-A6620BAA79A9}.Release|Any CPU.ActiveCfg = Release|Any CPU
		{C77DBC6E-EA7E-4B42-ACDF-A6620BAA79A9}.Release|Any CPU.Build.0 = Release|Any CPU
		{F394F515-BDFF-4B67-9C51-D4655F5F8EEB}.Debug|Any CPU.ActiveCfg = Debug|Any CPU
		{F394F515-BDFF-4B67-9C51-D4655F5F8EEB}.Debug|Any CPU.Build.0 = Debug|Any CPU
		{F394F515-BDFF-4B67-9C51-D4655F5F8EEB}.Release|Any CPU.ActiveCfg = Release|Any CPU
		{F394F515-BDFF-4B67-9C51-D4655F5F8EEB}.Release|Any CPU.Build.0 = Release|Any CPU
		{7F90151C-1FD5-4E9E-A892-B5FF33486D37}.Debug|Any CPU.ActiveCfg = Debug|Any CPU
		{7F90151C-1FD5-4E9E-A892-B5FF33486D37}.Debug|Any CPU.Build.0 = Debug|Any CPU
		{7F90151C-1FD5-4E9E-A892-B5FF33486D37}.Release|Any CPU.ActiveCfg = Release|Any CPU
		{7F90151C-1FD5-4E9E-A892-B5FF33486D37}.Release|Any CPU.Build.0 = Release|Any CPU
		{FF1874D2-CE27-4A2A-A256-A941735C94D8}.Debug|Any CPU.ActiveCfg = Debug|Any CPU
		{FF1874D2-CE27-4A2A-A256-A941735C94D8}.Debug|Any CPU.Build.0 = Debug|Any CPU
		{FF1874D2-CE27-4A2A-A256-A941735C94D8}.Release|Any CPU.ActiveCfg = Release|Any CPU
		{FF1874D2-CE27-4A2A-A256-A941735C94D8}.Release|Any CPU.Build.0 = Release|Any CPU
		{F9B9E398-EFF4-42F4-A2AD-4680EDEC1525}.Debug|Any CPU.ActiveCfg = Debug|Any CPU
		{F9B9E398-EFF4-42F4-A2AD-4680EDEC1525}.Debug|Any CPU.Build.0 = Debug|Any CPU
		{F9B9E398-EFF4-42F4-A2AD-4680EDEC1525}.Release|Any CPU.ActiveCfg = Release|Any CPU
		{F9B9E398-EFF4-42F4-A2AD-4680EDEC1525}.Release|Any CPU.Build.0 = Release|Any CPU
		{13FEB9FD-CFA1-4AA5-A378-AE13CC1EB993}.Debug|Any CPU.ActiveCfg = Debug|Any CPU
		{13FEB9FD-CFA1-4AA5-A378-AE13CC1EB993}.Debug|Any CPU.Build.0 = Debug|Any CPU
		{13FEB9FD-CFA1-4AA5-A378-AE13CC1EB993}.Release|Any CPU.ActiveCfg = Release|Any CPU
		{13FEB9FD-CFA1-4AA5-A378-AE13CC1EB993}.Release|Any CPU.Build.0 = Release|Any CPU
		{BDFAF320-FCC4-4BF3-83D4-20C59207A0B0}.Debug|Any CPU.ActiveCfg = Debug|Any CPU
		{BDFAF320-FCC4-4BF3-83D4-20C59207A0B0}.Debug|Any CPU.Build.0 = Debug|Any CPU
		{BDFAF320-FCC4-4BF3-83D4-20C59207A0B0}.Release|Any CPU.ActiveCfg = Release|Any CPU
		{BDFAF320-FCC4-4BF3-83D4-20C59207A0B0}.Release|Any CPU.Build.0 = Release|Any CPU
		{8DE4361E-BA4E-4504-ADB4-FFFCC35BC6C1}.Debug|Any CPU.ActiveCfg = Debug|Any CPU
		{8DE4361E-BA4E-4504-ADB4-FFFCC35BC6C1}.Debug|Any CPU.Build.0 = Debug|Any CPU
		{8DE4361E-BA4E-4504-ADB4-FFFCC35BC6C1}.Release|Any CPU.ActiveCfg = Release|Any CPU
		{8DE4361E-BA4E-4504-ADB4-FFFCC35BC6C1}.Release|Any CPU.Build.0 = Release|Any CPU
		{20F1D1D0-DB16-45C4-858E-459D1C27CB51}.Debug|Any CPU.ActiveCfg = Debug|Any CPU
		{20F1D1D0-DB16-45C4-858E-459D1C27CB51}.Debug|Any CPU.Build.0 = Debug|Any CPU
		{20F1D1D0-DB16-45C4-858E-459D1C27CB51}.Release|Any CPU.ActiveCfg = Release|Any CPU
		{20F1D1D0-DB16-45C4-858E-459D1C27CB51}.Release|Any CPU.Build.0 = Release|Any CPU
		{8B0FC7AC-6A37-4DF0-B33F-C84E5B042F78}.Debug|Any CPU.ActiveCfg = Debug|Any CPU
		{8B0FC7AC-6A37-4DF0-B33F-C84E5B042F78}.Debug|Any CPU.Build.0 = Debug|Any CPU
		{8B0FC7AC-6A37-4DF0-B33F-C84E5B042F78}.Release|Any CPU.ActiveCfg = Release|Any CPU
		{8B0FC7AC-6A37-4DF0-B33F-C84E5B042F78}.Release|Any CPU.Build.0 = Release|Any CPU
		{4758343C-00F8-47B5-97FA-73985DFAD3A3}.Debug|Any CPU.ActiveCfg = Debug|Any CPU
		{4758343C-00F8-47B5-97FA-73985DFAD3A3}.Debug|Any CPU.Build.0 = Debug|Any CPU
		{4758343C-00F8-47B5-97FA-73985DFAD3A3}.Release|Any CPU.ActiveCfg = Release|Any CPU
		{4758343C-00F8-47B5-97FA-73985DFAD3A3}.Release|Any CPU.Build.0 = Release|Any CPU
		{6E146FED-CEA1-4038-8BAF-577A28D39373}.Debug|Any CPU.ActiveCfg = Debug|Any CPU
		{6E146FED-CEA1-4038-8BAF-577A28D39373}.Debug|Any CPU.Build.0 = Debug|Any CPU
		{6E146FED-CEA1-4038-8BAF-577A28D39373}.Release|Any CPU.ActiveCfg = Release|Any CPU
		{6E146FED-CEA1-4038-8BAF-577A28D39373}.Release|Any CPU.Build.0 = Release|Any CPU
		{B4B08715-EC4B-4936-8C34-67FC504ACF74}.Debug|Any CPU.ActiveCfg = Debug|Any CPU
		{B4B08715-EC4B-4936-8C34-67FC504ACF74}.Debug|Any CPU.Build.0 = Debug|Any CPU
		{B4B08715-EC4B-4936-8C34-67FC504ACF74}.Release|Any CPU.ActiveCfg = Release|Any CPU
		{B4B08715-EC4B-4936-8C34-67FC504ACF74}.Release|Any CPU.Build.0 = Release|Any CPU
		{F6CBC160-6CC2-4E24-91DE-F3CF994957A9}.Debug|Any CPU.ActiveCfg = Debug|Any CPU
		{F6CBC160-6CC2-4E24-91DE-F3CF994957A9}.Debug|Any CPU.Build.0 = Debug|Any CPU
		{F6CBC160-6CC2-4E24-91DE-F3CF994957A9}.Release|Any CPU.ActiveCfg = Release|Any CPU
		{F6CBC160-6CC2-4E24-91DE-F3CF994957A9}.Release|Any CPU.Build.0 = Release|Any CPU
		{DE14C228-321B-4FB5-A140-D177ABCCFA37}.Debug|Any CPU.ActiveCfg = Debug|Any CPU
		{DE14C228-321B-4FB5-A140-D177ABCCFA37}.Debug|Any CPU.Build.0 = Debug|Any CPU
		{DE14C228-321B-4FB5-A140-D177ABCCFA37}.Release|Any CPU.ActiveCfg = Release|Any CPU
		{DE14C228-321B-4FB5-A140-D177ABCCFA37}.Release|Any CPU.Build.0 = Release|Any CPU
		{E78A7B5A-76BB-4CBF-A444-1C0C234AD3CF}.Debug|Any CPU.ActiveCfg = Debug|Any CPU
		{E78A7B5A-76BB-4CBF-A444-1C0C234AD3CF}.Debug|Any CPU.Build.0 = Debug|Any CPU
		{E78A7B5A-76BB-4CBF-A444-1C0C234AD3CF}.Release|Any CPU.ActiveCfg = Release|Any CPU
		{E78A7B5A-76BB-4CBF-A444-1C0C234AD3CF}.Release|Any CPU.Build.0 = Release|Any CPU
		{61A31034-729A-480A-9EB7-4CE363F27AFE}.Debug|Any CPU.ActiveCfg = Debug|Any CPU
		{61A31034-729A-480A-9EB7-4CE363F27AFE}.Debug|Any CPU.Build.0 = Debug|Any CPU
		{61A31034-729A-480A-9EB7-4CE363F27AFE}.Release|Any CPU.ActiveCfg = Release|Any CPU
		{61A31034-729A-480A-9EB7-4CE363F27AFE}.Release|Any CPU.Build.0 = Release|Any CPU
		{17886837-0175-417E-9372-0FD75F479243}.Debug|Any CPU.ActiveCfg = Debug|Any CPU
		{17886837-0175-417E-9372-0FD75F479243}.Debug|Any CPU.Build.0 = Debug|Any CPU
		{17886837-0175-417E-9372-0FD75F479243}.Release|Any CPU.ActiveCfg = Release|Any CPU
		{17886837-0175-417E-9372-0FD75F479243}.Release|Any CPU.Build.0 = Release|Any CPU
		{81AB27E9-BC44-40B2-AB24-8C2DF6FBB027}.Debug|Any CPU.ActiveCfg = Debug|Any CPU
		{81AB27E9-BC44-40B2-AB24-8C2DF6FBB027}.Debug|Any CPU.Build.0 = Debug|Any CPU
		{81AB27E9-BC44-40B2-AB24-8C2DF6FBB027}.Release|Any CPU.ActiveCfg = Release|Any CPU
		{81AB27E9-BC44-40B2-AB24-8C2DF6FBB027}.Release|Any CPU.Build.0 = Release|Any CPU
		{BC1321B5-9317-4F5F-A2B1-3A62B750352F}.Debug|Any CPU.ActiveCfg = Debug|Any CPU
		{BC1321B5-9317-4F5F-A2B1-3A62B750352F}.Debug|Any CPU.Build.0 = Debug|Any CPU
		{BC1321B5-9317-4F5F-A2B1-3A62B750352F}.Release|Any CPU.ActiveCfg = Release|Any CPU
		{BC1321B5-9317-4F5F-A2B1-3A62B750352F}.Release|Any CPU.Build.0 = Release|Any CPU
		{7ACCE4DE-92B6-4684-9EEE-305E4450FA38}.Debug|Any CPU.ActiveCfg = Debug|Any CPU
		{7ACCE4DE-92B6-4684-9EEE-305E4450FA38}.Debug|Any CPU.Build.0 = Debug|Any CPU
		{7ACCE4DE-92B6-4684-9EEE-305E4450FA38}.Release|Any CPU.ActiveCfg = Release|Any CPU
		{7ACCE4DE-92B6-4684-9EEE-305E4450FA38}.Release|Any CPU.Build.0 = Release|Any CPU
		{1F6ED298-C1B1-4B20-AA50-16379D72AE6F}.Debug|Any CPU.ActiveCfg = Debug|Any CPU
		{1F6ED298-C1B1-4B20-AA50-16379D72AE6F}.Debug|Any CPU.Build.0 = Debug|Any CPU
		{1F6ED298-C1B1-4B20-AA50-16379D72AE6F}.Release|Any CPU.ActiveCfg = Release|Any CPU
		{1F6ED298-C1B1-4B20-AA50-16379D72AE6F}.Release|Any CPU.Build.0 = Release|Any CPU
		{32F474D8-D33C-48FA-8115-FE3B2B81EDC9}.Debug|Any CPU.ActiveCfg = Debug|Any CPU
		{32F474D8-D33C-48FA-8115-FE3B2B81EDC9}.Debug|Any CPU.Build.0 = Debug|Any CPU
		{32F474D8-D33C-48FA-8115-FE3B2B81EDC9}.Release|Any CPU.ActiveCfg = Release|Any CPU
		{32F474D8-D33C-48FA-8115-FE3B2B81EDC9}.Release|Any CPU.Build.0 = Release|Any CPU
		{5ED4ABC4-E203-4D46-ABE6-C134773A7147}.Debug|Any CPU.ActiveCfg = Debug|Any CPU
		{5ED4ABC4-E203-4D46-ABE6-C134773A7147}.Debug|Any CPU.Build.0 = Debug|Any CPU
		{5ED4ABC4-E203-4D46-ABE6-C134773A7147}.Release|Any CPU.ActiveCfg = Release|Any CPU
		{5ED4ABC4-E203-4D46-ABE6-C134773A7147}.Release|Any CPU.Build.0 = Release|Any CPU
		{2DD29DA7-F137-4D5D-81D8-C64AA911D0D1}.Debug|Any CPU.ActiveCfg = Debug|Any CPU
		{2DD29DA7-F137-4D5D-81D8-C64AA911D0D1}.Debug|Any CPU.Build.0 = Debug|Any CPU
		{2DD29DA7-F137-4D5D-81D8-C64AA911D0D1}.Release|Any CPU.ActiveCfg = Release|Any CPU
		{2DD29DA7-F137-4D5D-81D8-C64AA911D0D1}.Release|Any CPU.Build.0 = Release|Any CPU
		{C526BE58-A5DE-4D08-9111-F1A8AF929BA0}.Debug|Any CPU.ActiveCfg = Debug|Any CPU
		{C526BE58-A5DE-4D08-9111-F1A8AF929BA0}.Debug|Any CPU.Build.0 = Debug|Any CPU
		{C526BE58-A5DE-4D08-9111-F1A8AF929BA0}.Release|Any CPU.ActiveCfg = Release|Any CPU
		{C526BE58-A5DE-4D08-9111-F1A8AF929BA0}.Release|Any CPU.Build.0 = Release|Any CPU
		{6585934B-8BEB-4A25-9CA6-B5F62631E68C}.Debug|Any CPU.ActiveCfg = Debug|Any CPU
		{6585934B-8BEB-4A25-9CA6-B5F62631E68C}.Debug|Any CPU.Build.0 = Debug|Any CPU
		{6585934B-8BEB-4A25-9CA6-B5F62631E68C}.Release|Any CPU.ActiveCfg = Release|Any CPU
		{6585934B-8BEB-4A25-9CA6-B5F62631E68C}.Release|Any CPU.Build.0 = Release|Any CPU
	EndGlobalSection
	GlobalSection(SolutionProperties) = preSolution
		HideSolutionNode = FALSE
	EndGlobalSection
	GlobalSection(NestedProjects) = preSolution
		{857ACB0A-FE80-4C4C-BAE6-59560B998EF0} = {B5CFC518-2064-4A35-82BD-CA7C020226FC}
		{571CC6BC-3F28-4EEB-8601-B6D046BD5728} = {857ACB0A-FE80-4C4C-BAE6-59560B998EF0}
		{17C2C396-6CC9-4DFD-B2CB-A85FA6659C0C} = {857ACB0A-FE80-4C4C-BAE6-59560B998EF0}
		{76AD78EA-BADE-4305-ABD0-3D4DADECEB01} = {857ACB0A-FE80-4C4C-BAE6-59560B998EF0}
		{C77DBC6E-EA7E-4B42-ACDF-A6620BAA79A9} = {857ACB0A-FE80-4C4C-BAE6-59560B998EF0}
		{F394F515-BDFF-4B67-9C51-D4655F5F8EEB} = {857ACB0A-FE80-4C4C-BAE6-59560B998EF0}
		{7F90151C-1FD5-4E9E-A892-B5FF33486D37} = {857ACB0A-FE80-4C4C-BAE6-59560B998EF0}
		{FF1874D2-CE27-4A2A-A256-A941735C94D8} = {857ACB0A-FE80-4C4C-BAE6-59560B998EF0}
		{F9B9E398-EFF4-42F4-A2AD-4680EDEC1525} = {857ACB0A-FE80-4C4C-BAE6-59560B998EF0}
		{13FEB9FD-CFA1-4AA5-A378-AE13CC1EB993} = {B5CFC518-2064-4A35-82BD-CA7C020226FC}
		{BDFAF320-FCC4-4BF3-83D4-20C59207A0B0} = {B5CFC518-2064-4A35-82BD-CA7C020226FC}
		{8DE4361E-BA4E-4504-ADB4-FFFCC35BC6C1} = {B5CFC518-2064-4A35-82BD-CA7C020226FC}
		{20F1D1D0-DB16-45C4-858E-459D1C27CB51} = {9BD61F9C-025C-4B74-8979-B6BA897A5AB2}
		{9BD61F9C-025C-4B74-8979-B6BA897A5AB2} = {B5CFC518-2064-4A35-82BD-CA7C020226FC}
		{8B0FC7AC-6A37-4DF0-B33F-C84E5B042F78} = {9BD61F9C-025C-4B74-8979-B6BA897A5AB2}
		{4758343C-00F8-47B5-97FA-73985DFAD3A3} = {B5CFC518-2064-4A35-82BD-CA7C020226FC}
		{6E146FED-CEA1-4038-8BAF-577A28D39373} = {B5CFC518-2064-4A35-82BD-CA7C020226FC}
		{B4B08715-EC4B-4936-8C34-67FC504ACF74} = {B5CFC518-2064-4A35-82BD-CA7C020226FC}
		{F6CBC160-6CC2-4E24-91DE-F3CF994957A9} = {B5CFC518-2064-4A35-82BD-CA7C020226FC}
		{774E7D86-737F-4596-8239-B13DB38EF4BA} = {B5CFC518-2064-4A35-82BD-CA7C020226FC}
		{DE14C228-321B-4FB5-A140-D177ABCCFA37} = {774E7D86-737F-4596-8239-B13DB38EF4BA}
		{E78A7B5A-76BB-4CBF-A444-1C0C234AD3CF} = {857ACB0A-FE80-4C4C-BAE6-59560B998EF0}
		{BC1321B5-9317-4F5F-A2B1-3A62B750352F} = {B5CFC518-2064-4A35-82BD-CA7C020226FC}
		{7ACCE4DE-92B6-4684-9EEE-305E4450FA38} = {B5CFC518-2064-4A35-82BD-CA7C020226FC}
		{1F6ED298-C1B1-4B20-AA50-16379D72AE6F} = {B5CFC518-2064-4A35-82BD-CA7C020226FC}
		{32F474D8-D33C-48FA-8115-FE3B2B81EDC9} = {B5CFC518-2064-4A35-82BD-CA7C020226FC}
		{5ED4ABC4-E203-4D46-ABE6-C134773A7147} = {B5CFC518-2064-4A35-82BD-CA7C020226FC}
		{2DD29DA7-F137-4D5D-81D8-C64AA911D0D1} = {857ACB0A-FE80-4C4C-BAE6-59560B998EF0}
		{C526BE58-A5DE-4D08-9111-F1A8AF929BA0} = {B5CFC518-2064-4A35-82BD-CA7C020226FC}
		{6585934B-8BEB-4A25-9CA6-B5F62631E68C} = {B5CFC518-2064-4A35-82BD-CA7C020226FC}
	EndGlobalSection
	GlobalSection(ExtensibilityGlobals) = postSolution
		SolutionGuid = {9ACCCB7B-F186-4378-81DA-6982B4E33C6A}
	EndGlobalSection
EndGlobal
