
Microsoft Visual Studio Solution File, Format Version 12.00
# Visual Studio 15
VisualStudioVersion = 15.0.26228.10
MinimumVisualStudioVersion = 10.0.40219.1
Project("{FAE04EC0-301F-11D3-BF4B-00C04F79EFBC}") = "PhotoReviewer", "PhotoReviewer\PhotoReviewer.csproj", "{02D45625-0383-4480-B4BC-05DDE4F3825D}"
EndProject
Project("{FAE04EC0-301F-11D3-BF4B-00C04F79EFBC}") = "PhotoReviewer.ViewModel", "PhotoReviewer.ViewModel\PhotoReviewer.ViewModel.csproj", "{FC17F4F2-0577-4054-98DB-44BB9E4B9E3B}"
EndProject
Project("{FAE04EC0-301F-11D3-BF4B-00C04F79EFBC}") = "PhotoReviewer.DAL", "PhotoReviewer.DAL\PhotoReviewer.DAL.csproj", "{FD3B66EE-FDE7-41D1-9933-5421454E6EB7}"
EndProject
Project("{FAE04EC0-301F-11D3-BF4B-00C04F79EFBC}") = "PhotoReviewer.View", "PhotoReviewer.View\PhotoReviewer.View.csproj", "{6AC38924-FD04-4824-92FC-82356F5A909D}"
EndProject
Project("{FAE04EC0-301F-11D3-BF4B-00C04F79EFBC}") = "PhotoReviewer.DAL.Contracts", "PhotoReviewer.DAL.Contracts\PhotoReviewer.DAL.Contracts.csproj", "{F0FB4354-77B0-4132-9593-C7A2493AB319}"
EndProject
Project("{FAE04EC0-301F-11D3-BF4B-00C04F79EFBC}") = "PhotoReviewer.Resources", "PhotoReviewer.Resources\PhotoReviewer.Resources.csproj", "{53C22BB7-E54D-49B8-A748-11A795E9DE63}"
EndProject
Project("{FAE04EC0-301F-11D3-BF4B-00C04F79EFBC}") = "PhotoReviewer.View.Contracts", "PhotoReviewer.View.Contracts\PhotoReviewer.View.Contracts.csproj", "{37F1D8BD-AE67-4E81-9F6B-D2AABB81AB8D}"
EndProject
Project("{FAE04EC0-301F-11D3-BF4B-00C04F79EFBC}") = "PhotoReviewer.Core", "PhotoReviewer.Core\PhotoReviewer.Core.csproj", "{8645331C-324F-4265-A593-13725FE33A0D}"
EndProject
Global
	GlobalSection(SolutionConfigurationPlatforms) = preSolution
		Debug|Any CPU = Debug|Any CPU
		Release|Any CPU = Release|Any CPU
	EndGlobalSection
	GlobalSection(ProjectConfigurationPlatforms) = postSolution
		{02D45625-0383-4480-B4BC-05DDE4F3825D}.Debug|Any CPU.ActiveCfg = Debug|Any CPU
		{02D45625-0383-4480-B4BC-05DDE4F3825D}.Debug|Any CPU.Build.0 = Debug|Any CPU
		{02D45625-0383-4480-B4BC-05DDE4F3825D}.Release|Any CPU.ActiveCfg = Release|Any CPU
		{02D45625-0383-4480-B4BC-05DDE4F3825D}.Release|Any CPU.Build.0 = Release|Any CPU
		{FC17F4F2-0577-4054-98DB-44BB9E4B9E3B}.Debug|Any CPU.ActiveCfg = Debug|Any CPU
		{FC17F4F2-0577-4054-98DB-44BB9E4B9E3B}.Debug|Any CPU.Build.0 = Debug|Any CPU
		{FC17F4F2-0577-4054-98DB-44BB9E4B9E3B}.Release|Any CPU.ActiveCfg = Release|Any CPU
		{FC17F4F2-0577-4054-98DB-44BB9E4B9E3B}.Release|Any CPU.Build.0 = Release|Any CPU
		{FD3B66EE-FDE7-41D1-9933-5421454E6EB7}.Debug|Any CPU.ActiveCfg = Debug|Any CPU
		{FD3B66EE-FDE7-41D1-9933-5421454E6EB7}.Debug|Any CPU.Build.0 = Debug|Any CPU
		{FD3B66EE-FDE7-41D1-9933-5421454E6EB7}.Release|Any CPU.ActiveCfg = Release|Any CPU
		{FD3B66EE-FDE7-41D1-9933-5421454E6EB7}.Release|Any CPU.Build.0 = Release|Any CPU
		{6AC38924-FD04-4824-92FC-82356F5A909D}.Debug|Any CPU.ActiveCfg = Debug|Any CPU
		{6AC38924-FD04-4824-92FC-82356F5A909D}.Debug|Any CPU.Build.0 = Debug|Any CPU
		{6AC38924-FD04-4824-92FC-82356F5A909D}.Release|Any CPU.ActiveCfg = Release|Any CPU
		{6AC38924-FD04-4824-92FC-82356F5A909D}.Release|Any CPU.Build.0 = Release|Any CPU
		{F0FB4354-77B0-4132-9593-C7A2493AB319}.Debug|Any CPU.ActiveCfg = Debug|Any CPU
		{F0FB4354-77B0-4132-9593-C7A2493AB319}.Debug|Any CPU.Build.0 = Debug|Any CPU
		{F0FB4354-77B0-4132-9593-C7A2493AB319}.Release|Any CPU.ActiveCfg = Release|Any CPU
		{F0FB4354-77B0-4132-9593-C7A2493AB319}.Release|Any CPU.Build.0 = Release|Any CPU
		{53C22BB7-E54D-49B8-A748-11A795E9DE63}.Debug|Any CPU.ActiveCfg = Debug|Any CPU
		{53C22BB7-E54D-49B8-A748-11A795E9DE63}.Debug|Any CPU.Build.0 = Debug|Any CPU
		{53C22BB7-E54D-49B8-A748-11A795E9DE63}.Release|Any CPU.ActiveCfg = Release|Any CPU
		{53C22BB7-E54D-49B8-A748-11A795E9DE63}.Release|Any CPU.Build.0 = Release|Any CPU
		{37F1D8BD-AE67-4E81-9F6B-D2AABB81AB8D}.Debug|Any CPU.ActiveCfg = Debug|Any CPU
		{37F1D8BD-AE67-4E81-9F6B-D2AABB81AB8D}.Debug|Any CPU.Build.0 = Debug|Any CPU
		{37F1D8BD-AE67-4E81-9F6B-D2AABB81AB8D}.Release|Any CPU.ActiveCfg = Release|Any CPU
		{37F1D8BD-AE67-4E81-9F6B-D2AABB81AB8D}.Release|Any CPU.Build.0 = Release|Any CPU
		{8645331C-324F-4265-A593-13725FE33A0D}.Debug|Any CPU.ActiveCfg = Debug|Any CPU
		{8645331C-324F-4265-A593-13725FE33A0D}.Debug|Any CPU.Build.0 = Debug|Any CPU
		{8645331C-324F-4265-A593-13725FE33A0D}.Release|Any CPU.ActiveCfg = Release|Any CPU
		{8645331C-324F-4265-A593-13725FE33A0D}.Release|Any CPU.Build.0 = Release|Any CPU
	EndGlobalSection
	GlobalSection(SolutionProperties) = preSolution
		HideSolutionNode = FALSE
	EndGlobalSection
EndGlobal
